// !$*UTF8*$!
{
	archiveVersion = 1;
	classes = {
	};
	objectVersion = 56;
	objects = {

/* Begin PBXBuildFile section */
		D80E4FCF2AA7AD3300FD4BB5 /* HelperSession.swift in Sources */ = {isa = PBXBuildFile; fileRef = D80E4FCE2AA7AD3300FD4BB5 /* HelperSession.swift */; };
		D80E4FD12AA7AD5300FD4BB5 /* HelperTracker.swift in Sources */ = {isa = PBXBuildFile; fileRef = D80E4FD02AA7AD5300FD4BB5 /* HelperTracker.swift */; };
		D8121A6E2AA0465200EEDF5B /* Settings.swift in Sources */ = {isa = PBXBuildFile; fileRef = D8121A6D2AA0465200EEDF5B /* Settings.swift */; };
		D8121A712AA04BDA00EEDF5B /* URL.swift in Sources */ = {isa = PBXBuildFile; fileRef = D8121A702AA04BDA00EEDF5B /* URL.swift */; };
		D8121A732AA05C3D00EEDF5B /* ApplicationModel.swift in Sources */ = {isa = PBXBuildFile; fileRef = D8121A722AA05C3D00EEDF5B /* ApplicationModel.swift */; };
		D8121A752AA05D7F00EEDF5B /* SiteList.swift in Sources */ = {isa = PBXBuildFile; fileRef = D8121A742AA05D7F00EEDF5B /* SiteList.swift */; };
		D8121A792AA05F9A00EEDF5B /* SiteModel.swift in Sources */ = {isa = PBXBuildFile; fileRef = D8121A782AA05F9A00EEDF5B /* SiteModel.swift */; };
		D8121A7B2AA05FCA00EEDF5B /* InContextCore in Frameworks */ = {isa = PBXBuildFile; productRef = D8121A7A2AA05FCA00EEDF5B /* InContextCore */; };
		D8121A7D2AA0747000EEDF5B /* Publisher.swift in Sources */ = {isa = PBXBuildFile; fileRef = D8121A7C2AA0747000EEDF5B /* Publisher.swift */; };
		D8121A7F2AA105CC00EEDF5B /* SiteMenu.swift in Sources */ = {isa = PBXBuildFile; fileRef = D8121A7E2AA105CC00EEDF5B /* SiteMenu.swift */; };
		D8121A872AA11B5F00EEDF5B /* Serve.swift in Sources */ = {isa = PBXBuildFile; fileRef = D8121A832AA11AF400EEDF5B /* Serve.swift */; };
		D8121A882AA11B6300EEDF5B /* Options.swift in Sources */ = {isa = PBXBuildFile; fileRef = D8121A852AA11B2400EEDF5B /* Options.swift */; };
		D8121A8A2AA11BAE00EEDF5B /* Build.swift in Sources */ = {isa = PBXBuildFile; fileRef = D8121A892AA11BAE00EEDF5B /* Build.swift */; };
		D8121A8C2AA11BF200EEDF5B /* Clean.swift in Sources */ = {isa = PBXBuildFile; fileRef = D8121A8B2AA11BF200EEDF5B /* Clean.swift */; };
		D849DDEC2A982B0F00C5041E /* InContextCore in Frameworks */ = {isa = PBXBuildFile; productRef = D849DDEB2A982B0F00C5041E /* InContextCore */; };
		D849DDF42A982B9200C5041E /* ArgumentParser in Frameworks */ = {isa = PBXBuildFile; productRef = D849DDF32A982B9200C5041E /* ArgumentParser */; };
		D849DDF72A982BA000C5041E /* Logging in Frameworks */ = {isa = PBXBuildFile; productRef = D849DDF62A982BA000C5041E /* Logging */; };
		D849DDF92A982C8D00C5041E /* Command.swift in Sources */ = {isa = PBXBuildFile; fileRef = D849DDF82A982C8D00C5041E /* Command.swift */; };
		D84E77F82AA954F800ED193A /* LoggingSession.swift in Sources */ = {isa = PBXBuildFile; fileRef = D84E77F72AA954F800ED193A /* LoggingSession.swift */; };
		D84E77FA2AA9555000ED193A /* LoggingTracker.swift in Sources */ = {isa = PBXBuildFile; fileRef = D84E77F92AA9555000ED193A /* LoggingTracker.swift */; };
		D84E77FD2AA95CA500ED193A /* LogLevel.swift in Sources */ = {isa = PBXBuildFile; fileRef = D84E77FB2AA95C3700ED193A /* LogLevel.swift */; };
		D86BCDD12A9B016A00C81BA5 /* HelperApp.swift in Sources */ = {isa = PBXBuildFile; fileRef = D86BCDD02A9B016A00C81BA5 /* HelperApp.swift */; };
		D86BCDD52A9B016D00C81BA5 /* Assets.xcassets in Resources */ = {isa = PBXBuildFile; fileRef = D86BCDD42A9B016D00C81BA5 /* Assets.xcassets */; };
		D86BCDD82A9B016D00C81BA5 /* Preview Assets.xcassets in Resources */ = {isa = PBXBuildFile; fileRef = D86BCDD72A9B016D00C81BA5 /* Preview Assets.xcassets */; };
		D86BCDE32A9B016E00C81BA5 /* HelperTests.swift in Sources */ = {isa = PBXBuildFile; fileRef = D86BCDE22A9B016E00C81BA5 /* HelperTests.swift */; };
		D86BCDED2A9B016E00C81BA5 /* HelperUITests.swift in Sources */ = {isa = PBXBuildFile; fileRef = D86BCDEC2A9B016E00C81BA5 /* HelperUITests.swift */; };
		D86BCDEF2A9B016E00C81BA5 /* HelperUITestsLaunchTests.swift in Sources */ = {isa = PBXBuildFile; fileRef = D86BCDEE2A9B016E00C81BA5 /* HelperUITestsLaunchTests.swift */; };
		D86BCDFA2A9B030400C81BA5 /* Geocoder.swift in Sources */ = {isa = PBXBuildFile; fileRef = D86BCDF92A9B030400C81BA5 /* Geocoder.swift */; };
		D86BCDFC2A9B032200C81BA5 /* HelperError.swift in Sources */ = {isa = PBXBuildFile; fileRef = D86BCDFB2A9B032200C81BA5 /* HelperError.swift */; };
		D882D9472ACCC7B3001469DA /* LoggingTask.swift in Sources */ = {isa = PBXBuildFile; fileRef = D882D9462ACCC7B3001469DA /* LoggingTask.swift */; };
		D8850A132B841AEE00E17977 /* incontext-license in Resources */ = {isa = PBXBuildFile; fileRef = D8850A122B841AE500E17977 /* incontext-license */; };
		D8850A172B841D6E00E17977 /* MainMenu.swift in Sources */ = {isa = PBXBuildFile; fileRef = D8850A152B841D4A00E17977 /* MainMenu.swift */; };
		D8850A1B2B8420B400E17977 /* Scene.swift in Sources */ = {isa = PBXBuildFile; fileRef = D8850A182B841E5F00E17977 /* Scene.swift */; };
		D8850A1D2B84217200E17977 /* tilt-license in Resources */ = {isa = PBXBuildFile; fileRef = D8850A1C2B84217200E17977 /* tilt-license */; };
		D8864FF32AB277D600DE6548 /* Run.swift in Sources */ = {isa = PBXBuildFile; fileRef = D8864FF22AB277D600DE6548 /* Run.swift */; };
		D8920F1B2AB2AB8700137912 /* Diligence in Frameworks */ = {isa = PBXBuildFile; productRef = D8920F1A2AB2AB8700137912 /* Diligence */; };
		D8A739B42AA660F400946EED /* LogView.swift in Sources */ = {isa = PBXBuildFile; fileRef = D8A739B32AA660F400946EED /* LogView.swift */; };
		D8A739B62AA6611E00946EED /* LogWindow.swift in Sources */ = {isa = PBXBuildFile; fileRef = D8A739B52AA6611E00946EED /* LogWindow.swift */; };
		D8A739B82AA6621E00946EED /* SessionView.swift in Sources */ = {isa = PBXBuildFile; fileRef = D8A739B72AA6621E00946EED /* SessionView.swift */; };
		D8A739BA2AA6627500946EED /* SettingsMenu.swift in Sources */ = {isa = PBXBuildFile; fileRef = D8A739B92AA6627500946EED /* SettingsMenu.swift */; };
		D8AD37AF2AA69FDF0006555F /* Event.swift in Sources */ = {isa = PBXBuildFile; fileRef = D8AD37AE2AA69FDF0006555F /* Event.swift */; };
		D8E592242AB3A840000EE676 /* ActionsMenu.swift in Sources */ = {isa = PBXBuildFile; fileRef = D8E592232AB3A840000EE676 /* ActionsMenu.swift */; };
		D8E592262AB3A8C3000EE676 /* FavoritesMenu.swift in Sources */ = {isa = PBXBuildFile; fileRef = D8E592252AB3A8C3000EE676 /* FavoritesMenu.swift */; };
		D8F672782AC8988D0073900D /* TaskRow.swift in Sources */ = {isa = PBXBuildFile; fileRef = D8F672772AC8988D0073900D /* TaskRow.swift */; };
		D8F6727A2AC898B00073900D /* SessionFooter.swift in Sources */ = {isa = PBXBuildFile; fileRef = D8F672792AC898B00073900D /* SessionFooter.swift */; };
		D8F6727C2AC89DF00073900D /* HelperSessionTask.swift in Sources */ = {isa = PBXBuildFile; fileRef = D8F6727B2AC89DF00073900D /* HelperSessionTask.swift */; };
/* End PBXBuildFile section */

/* Begin PBXContainerItemProxy section */
		D86BCDDF2A9B016D00C81BA5 /* PBXContainerItemProxy */ = {
			isa = PBXContainerItemProxy;
			containerPortal = D89063022A9829390001A8E2 /* Project object */;
			proxyType = 1;
			remoteGlobalIDString = D86BCDCD2A9B016A00C81BA5;
			remoteInfo = "InContext Helper";
		};
		D86BCDE92A9B016E00C81BA5 /* PBXContainerItemProxy */ = {
			isa = PBXContainerItemProxy;
			containerPortal = D89063022A9829390001A8E2 /* Project object */;
			proxyType = 1;
			remoteGlobalIDString = D86BCDCD2A9B016A00C81BA5;
			remoteInfo = "InContext Helper";
		};
/* End PBXContainerItemProxy section */

/* Begin PBXCopyFilesBuildPhase section */
		D89063082A98293A0001A8E2 /* CopyFiles */ = {
			isa = PBXCopyFilesBuildPhase;
			buildActionMask = 2147483647;
			dstPath = /usr/share/man/man1/;
			dstSubfolderSpec = 0;
			files = (
			);
			runOnlyForDeploymentPostprocessing = 1;
		};
/* End PBXCopyFilesBuildPhase section */

/* Begin PBXFileReference section */
		D80E4FCE2AA7AD3300FD4BB5 /* HelperSession.swift */ = {isa = PBXFileReference; lastKnownFileType = sourcecode.swift; path = HelperSession.swift; sourceTree = "<group>"; };
		D80E4FD02AA7AD5300FD4BB5 /* HelperTracker.swift */ = {isa = PBXFileReference; lastKnownFileType = sourcecode.swift; path = HelperTracker.swift; sourceTree = "<group>"; };
		D8121A6D2AA0465200EEDF5B /* Settings.swift */ = {isa = PBXFileReference; lastKnownFileType = sourcecode.swift; path = Settings.swift; sourceTree = "<group>"; };
		D8121A702AA04BDA00EEDF5B /* URL.swift */ = {isa = PBXFileReference; lastKnownFileType = sourcecode.swift; path = URL.swift; sourceTree = "<group>"; };
		D8121A722AA05C3D00EEDF5B /* ApplicationModel.swift */ = {isa = PBXFileReference; lastKnownFileType = sourcecode.swift; path = ApplicationModel.swift; sourceTree = "<group>"; };
		D8121A742AA05D7F00EEDF5B /* SiteList.swift */ = {isa = PBXFileReference; lastKnownFileType = sourcecode.swift; path = SiteList.swift; sourceTree = "<group>"; };
		D8121A782AA05F9A00EEDF5B /* SiteModel.swift */ = {isa = PBXFileReference; lastKnownFileType = sourcecode.swift; path = SiteModel.swift; sourceTree = "<group>"; };
		D8121A7C2AA0747000EEDF5B /* Publisher.swift */ = {isa = PBXFileReference; lastKnownFileType = sourcecode.swift; path = Publisher.swift; sourceTree = "<group>"; };
		D8121A7E2AA105CC00EEDF5B /* SiteMenu.swift */ = {isa = PBXFileReference; lastKnownFileType = sourcecode.swift; path = SiteMenu.swift; sourceTree = "<group>"; };
		D8121A832AA11AF400EEDF5B /* Serve.swift */ = {isa = PBXFileReference; lastKnownFileType = sourcecode.swift; path = Serve.swift; sourceTree = "<group>"; };
		D8121A852AA11B2400EEDF5B /* Options.swift */ = {isa = PBXFileReference; lastKnownFileType = sourcecode.swift; path = Options.swift; sourceTree = "<group>"; };
		D8121A892AA11BAE00EEDF5B /* Build.swift */ = {isa = PBXFileReference; lastKnownFileType = sourcecode.swift; path = Build.swift; sourceTree = "<group>"; };
		D8121A8B2AA11BF200EEDF5B /* Clean.swift */ = {isa = PBXFileReference; lastKnownFileType = sourcecode.swift; path = Clean.swift; sourceTree = "<group>"; };
		D849DDF82A982C8D00C5041E /* Command.swift */ = {isa = PBXFileReference; fileEncoding = 4; lastKnownFileType = sourcecode.swift; path = Command.swift; sourceTree = "<group>"; };
		D849DDFA2A982E7900C5041E /* Info.plist */ = {isa = PBXFileReference; lastKnownFileType = text.plist.xml; path = Info.plist; sourceTree = "<group>"; };
		D84E77F72AA954F800ED193A /* LoggingSession.swift */ = {isa = PBXFileReference; lastKnownFileType = sourcecode.swift; path = LoggingSession.swift; sourceTree = "<group>"; };
		D84E77F92AA9555000ED193A /* LoggingTracker.swift */ = {isa = PBXFileReference; lastKnownFileType = sourcecode.swift; path = LoggingTracker.swift; sourceTree = "<group>"; };
		D84E77FB2AA95C3700ED193A /* LogLevel.swift */ = {isa = PBXFileReference; lastKnownFileType = sourcecode.swift; path = LogLevel.swift; sourceTree = "<group>"; };
		D86BCDCE2A9B016A00C81BA5 /* InContext Helper.app */ = {isa = PBXFileReference; explicitFileType = wrapper.application; includeInIndex = 0; path = "InContext Helper.app"; sourceTree = BUILT_PRODUCTS_DIR; };
		D86BCDD02A9B016A00C81BA5 /* HelperApp.swift */ = {isa = PBXFileReference; lastKnownFileType = sourcecode.swift; path = HelperApp.swift; sourceTree = "<group>"; };
		D86BCDD42A9B016D00C81BA5 /* Assets.xcassets */ = {isa = PBXFileReference; lastKnownFileType = folder.assetcatalog; path = Assets.xcassets; sourceTree = "<group>"; };
		D86BCDD72A9B016D00C81BA5 /* Preview Assets.xcassets */ = {isa = PBXFileReference; lastKnownFileType = folder.assetcatalog; path = "Preview Assets.xcassets"; sourceTree = "<group>"; };
		D86BCDD92A9B016D00C81BA5 /* Helper.entitlements */ = {isa = PBXFileReference; lastKnownFileType = text.plist.entitlements; path = Helper.entitlements; sourceTree = "<group>"; };
		D86BCDDE2A9B016D00C81BA5 /* InContext HelperTests.xctest */ = {isa = PBXFileReference; explicitFileType = wrapper.cfbundle; includeInIndex = 0; path = "InContext HelperTests.xctest"; sourceTree = BUILT_PRODUCTS_DIR; };
		D86BCDE22A9B016E00C81BA5 /* HelperTests.swift */ = {isa = PBXFileReference; lastKnownFileType = sourcecode.swift; path = HelperTests.swift; sourceTree = "<group>"; };
		D86BCDE82A9B016E00C81BA5 /* InContext HelperUITests.xctest */ = {isa = PBXFileReference; explicitFileType = wrapper.cfbundle; includeInIndex = 0; path = "InContext HelperUITests.xctest"; sourceTree = BUILT_PRODUCTS_DIR; };
		D86BCDEC2A9B016E00C81BA5 /* HelperUITests.swift */ = {isa = PBXFileReference; lastKnownFileType = sourcecode.swift; path = HelperUITests.swift; sourceTree = "<group>"; };
		D86BCDEE2A9B016E00C81BA5 /* HelperUITestsLaunchTests.swift */ = {isa = PBXFileReference; lastKnownFileType = sourcecode.swift; path = HelperUITestsLaunchTests.swift; sourceTree = "<group>"; };
		D86BCDF92A9B030400C81BA5 /* Geocoder.swift */ = {isa = PBXFileReference; lastKnownFileType = sourcecode.swift; path = Geocoder.swift; sourceTree = "<group>"; };
		D86BCDFB2A9B032200C81BA5 /* HelperError.swift */ = {isa = PBXFileReference; lastKnownFileType = sourcecode.swift; path = HelperError.swift; sourceTree = "<group>"; };
		D882D9462ACCC7B3001469DA /* LoggingTask.swift */ = {isa = PBXFileReference; lastKnownFileType = sourcecode.swift; path = LoggingTask.swift; sourceTree = "<group>"; };
		D8850A122B841AE500E17977 /* incontext-license */ = {isa = PBXFileReference; lastKnownFileType = text; path = "incontext-license"; sourceTree = "<group>"; };
		D8850A142B841C3900E17977 /* InContext-Helper-Info.plist */ = {isa = PBXFileReference; lastKnownFileType = text.plist; path = "InContext-Helper-Info.plist"; sourceTree = "<group>"; };
		D8850A152B841D4A00E17977 /* MainMenu.swift */ = {isa = PBXFileReference; lastKnownFileType = sourcecode.swift; path = MainMenu.swift; sourceTree = "<group>"; };
		D8850A182B841E5F00E17977 /* Scene.swift */ = {isa = PBXFileReference; lastKnownFileType = sourcecode.swift; path = Scene.swift; sourceTree = "<group>"; };
		D8850A1C2B84217200E17977 /* tilt-license */ = {isa = PBXFileReference; lastKnownFileType = text; path = "tilt-license"; sourceTree = "<group>"; };
		D8864FF22AB277D600DE6548 /* Run.swift */ = {isa = PBXFileReference; lastKnownFileType = sourcecode.swift; path = Run.swift; sourceTree = "<group>"; };
		D890630A2A98293A0001A8E2 /* incontext */ = {isa = PBXFileReference; explicitFileType = "compiled.mach-o.executable"; includeInIndex = 0; path = incontext; sourceTree = BUILT_PRODUCTS_DIR; };
		D89063152A9829500001A8E2 /* incontext-waialua */ = {isa = PBXFileReference; lastKnownFileType = wrapper; name = "incontext-waialua"; path = ..; sourceTree = "<group>"; };
		D8920F192AB2AB4B00137912 /* diligence */ = {isa = PBXFileReference; lastKnownFileType = wrapper; name = diligence; path = ../Dependencies/diligence; sourceTree = "<group>"; };
		D8A739B32AA660F400946EED /* LogView.swift */ = {isa = PBXFileReference; lastKnownFileType = sourcecode.swift; path = LogView.swift; sourceTree = "<group>"; };
		D8A739B52AA6611E00946EED /* LogWindow.swift */ = {isa = PBXFileReference; lastKnownFileType = sourcecode.swift; path = LogWindow.swift; sourceTree = "<group>"; };
		D8A739B72AA6621E00946EED /* SessionView.swift */ = {isa = PBXFileReference; lastKnownFileType = sourcecode.swift; path = SessionView.swift; sourceTree = "<group>"; };
		D8A739B92AA6627500946EED /* SettingsMenu.swift */ = {isa = PBXFileReference; lastKnownFileType = sourcecode.swift; path = SettingsMenu.swift; sourceTree = "<group>"; };
		D8AD37AE2AA69FDF0006555F /* Event.swift */ = {isa = PBXFileReference; lastKnownFileType = sourcecode.swift; path = Event.swift; sourceTree = "<group>"; };
		D8E592232AB3A840000EE676 /* ActionsMenu.swift */ = {isa = PBXFileReference; lastKnownFileType = sourcecode.swift; path = ActionsMenu.swift; sourceTree = "<group>"; };
		D8E592252AB3A8C3000EE676 /* FavoritesMenu.swift */ = {isa = PBXFileReference; lastKnownFileType = sourcecode.swift; path = FavoritesMenu.swift; sourceTree = "<group>"; };
		D8F672772AC8988D0073900D /* TaskRow.swift */ = {isa = PBXFileReference; lastKnownFileType = sourcecode.swift; path = TaskRow.swift; sourceTree = "<group>"; };
		D8F672792AC898B00073900D /* SessionFooter.swift */ = {isa = PBXFileReference; lastKnownFileType = sourcecode.swift; path = SessionFooter.swift; sourceTree = "<group>"; };
		D8F6727B2AC89DF00073900D /* HelperSessionTask.swift */ = {isa = PBXFileReference; lastKnownFileType = sourcecode.swift; path = HelperSessionTask.swift; sourceTree = "<group>"; };
		D8F75F462AA34811000DEDB7 /* InContext HelperRelease.entitlements */ = {isa = PBXFileReference; lastKnownFileType = text.plist.entitlements; path = "InContext HelperRelease.entitlements"; sourceTree = "<group>"; };
/* End PBXFileReference section */

/* Begin PBXFrameworksBuildPhase section */
		D86BCDCB2A9B016A00C81BA5 /* Frameworks */ = {
			isa = PBXFrameworksBuildPhase;
			buildActionMask = 2147483647;
			files = (
				D8121A7B2AA05FCA00EEDF5B /* InContextCore in Frameworks */,
				D8920F1B2AB2AB8700137912 /* Diligence in Frameworks */,
			);
			runOnlyForDeploymentPostprocessing = 0;
		};
		D86BCDDB2A9B016D00C81BA5 /* Frameworks */ = {
			isa = PBXFrameworksBuildPhase;
			buildActionMask = 2147483647;
			files = (
			);
			runOnlyForDeploymentPostprocessing = 0;
		};
		D86BCDE52A9B016E00C81BA5 /* Frameworks */ = {
			isa = PBXFrameworksBuildPhase;
			buildActionMask = 2147483647;
			files = (
			);
			runOnlyForDeploymentPostprocessing = 0;
		};
		D89063072A98293A0001A8E2 /* Frameworks */ = {
			isa = PBXFrameworksBuildPhase;
			buildActionMask = 2147483647;
			files = (
				D849DDEC2A982B0F00C5041E /* InContextCore in Frameworks */,
				D849DDF42A982B9200C5041E /* ArgumentParser in Frameworks */,
				D849DDF72A982BA000C5041E /* Logging in Frameworks */,
			);
			runOnlyForDeploymentPostprocessing = 0;
		};
/* End PBXFrameworksBuildPhase section */

/* Begin PBXGroup section */
		D8121A6F2AA04BC900EEDF5B /* Extensions */ = {
			isa = PBXGroup;
			children = (
				D84E77FB2AA95C3700ED193A /* LogLevel.swift */,
				D8121A7C2AA0747000EEDF5B /* Publisher.swift */,
				D8121A702AA04BDA00EEDF5B /* URL.swift */,
				D8850A182B841E5F00E17977 /* Scene.swift */,
			);
			path = Extensions;
			sourceTree = "<group>";
		};
		D8121A762AA05DB300EEDF5B /* Views */ = {
			isa = PBXGroup;
			children = (
				D8E592232AB3A840000EE676 /* ActionsMenu.swift */,
				D8E592252AB3A8C3000EE676 /* FavoritesMenu.swift */,
				D8A739B32AA660F400946EED /* LogView.swift */,
				D8A739B52AA6611E00946EED /* LogWindow.swift */,
				D8850A152B841D4A00E17977 /* MainMenu.swift */,
				D8F672792AC898B00073900D /* SessionFooter.swift */,
				D8A739B72AA6621E00946EED /* SessionView.swift */,
				D8A739B92AA6627500946EED /* SettingsMenu.swift */,
				D8121A742AA05D7F00EEDF5B /* SiteList.swift */,
				D8121A7E2AA105CC00EEDF5B /* SiteMenu.swift */,
				D8F672772AC8988D0073900D /* TaskRow.swift */,
			);
			path = Views;
			sourceTree = "<group>";
		};
		D8121A772AA05E7100EEDF5B /* Model */ = {
			isa = PBXGroup;
			children = (
				D8121A722AA05C3D00EEDF5B /* ApplicationModel.swift */,
				D8AD37AE2AA69FDF0006555F /* Event.swift */,
				D86BCDFB2A9B032200C81BA5 /* HelperError.swift */,
				D80E4FCE2AA7AD3300FD4BB5 /* HelperSession.swift */,
				D8F6727B2AC89DF00073900D /* HelperSessionTask.swift */,
				D80E4FD02AA7AD5300FD4BB5 /* HelperTracker.swift */,
				D8121A6D2AA0465200EEDF5B /* Settings.swift */,
				D8121A782AA05F9A00EEDF5B /* SiteModel.swift */,
			);
			path = Model;
			sourceTree = "<group>";
		};
		D849DDEA2A982B0F00C5041E /* Frameworks */ = {
			isa = PBXGroup;
			children = (
			);
			name = Frameworks;
			sourceTree = "<group>";
		};
		D84E77F52AA952CE00ED193A /* Commands */ = {
			isa = PBXGroup;
			children = (
				D8121A892AA11BAE00EEDF5B /* Build.swift */,
				D8121A8B2AA11BF200EEDF5B /* Clean.swift */,
				D849DDF82A982C8D00C5041E /* Command.swift */,
				D8121A852AA11B2400EEDF5B /* Options.swift */,
				D8864FF22AB277D600DE6548 /* Run.swift */,
				D8121A832AA11AF400EEDF5B /* Serve.swift */,
			);
			path = Commands;
			sourceTree = "<group>";
		};
		D84E77F62AA952E100ED193A /* Model */ = {
			isa = PBXGroup;
			children = (
				D84E77F72AA954F800ED193A /* LoggingSession.swift */,
				D882D9462ACCC7B3001469DA /* LoggingTask.swift */,
				D84E77F92AA9555000ED193A /* LoggingTracker.swift */,
			);
			path = Model;
			sourceTree = "<group>";
		};
		D86BCDCF2A9B016A00C81BA5 /* Helper */ = {
			isa = PBXGroup;
			children = (
				D86BCDD92A9B016D00C81BA5 /* Helper.entitlements */,
				D86BCDD02A9B016A00C81BA5 /* HelperApp.swift */,
				D86BCDD42A9B016D00C81BA5 /* Assets.xcassets */,
				D8121A6F2AA04BC900EEDF5B /* Extensions */,
				D8850A0F2B841AB100E17977 /* Licenses */,
				D8121A772AA05E7100EEDF5B /* Model */,
				D86BCDD62A9B016D00C81BA5 /* Preview Content */,
				D8850A1A2B84208E00E17977 /* Utilities */,
				D8121A762AA05DB300EEDF5B /* Views */,
			);
			path = Helper;
			sourceTree = "<group>";
		};
		D86BCDD62A9B016D00C81BA5 /* Preview Content */ = {
			isa = PBXGroup;
			children = (
				D86BCDD72A9B016D00C81BA5 /* Preview Assets.xcassets */,
			);
			path = "Preview Content";
			sourceTree = "<group>";
		};
		D86BCDE12A9B016E00C81BA5 /* HelperTests */ = {
			isa = PBXGroup;
			children = (
				D86BCDE22A9B016E00C81BA5 /* HelperTests.swift */,
			);
			path = HelperTests;
			sourceTree = "<group>";
		};
		D86BCDEB2A9B016E00C81BA5 /* HelperUITests */ = {
			isa = PBXGroup;
			children = (
				D86BCDEC2A9B016E00C81BA5 /* HelperUITests.swift */,
				D86BCDEE2A9B016E00C81BA5 /* HelperUITestsLaunchTests.swift */,
			);
			path = HelperUITests;
			sourceTree = "<group>";
		};
		D8850A0F2B841AB100E17977 /* Licenses */ = {
			isa = PBXGroup;
			children = (
				D8850A122B841AE500E17977 /* incontext-license */,
				D8850A1C2B84217200E17977 /* tilt-license */,
			);
			path = Licenses;
			sourceTree = "<group>";
		};
		D8850A1A2B84208E00E17977 /* Utilities */ = {
			isa = PBXGroup;
			children = (
				D86BCDF92A9B030400C81BA5 /* Geocoder.swift */,
			);
			path = Utilities;
			sourceTree = "<group>";
		};
		D89063012A9829390001A8E2 = {
			isa = PBXGroup;
			children = (
				D8850A142B841C3900E17977 /* InContext-Helper-Info.plist */,
				D8F75F462AA34811000DEDB7 /* InContext HelperRelease.entitlements */,
				D89063142A9829500001A8E2 /* Packages */,
				D890630C2A98293A0001A8E2 /* InContext */,
				D86BCDCF2A9B016A00C81BA5 /* Helper */,
				D86BCDE12A9B016E00C81BA5 /* HelperTests */,
				D86BCDEB2A9B016E00C81BA5 /* HelperUITests */,
				D890630B2A98293A0001A8E2 /* Products */,
				D849DDEA2A982B0F00C5041E /* Frameworks */,
			);
			sourceTree = "<group>";
		};
		D890630B2A98293A0001A8E2 /* Products */ = {
			isa = PBXGroup;
			children = (
				D890630A2A98293A0001A8E2 /* incontext */,
				D86BCDCE2A9B016A00C81BA5 /* InContext Helper.app */,
				D86BCDDE2A9B016D00C81BA5 /* InContext HelperTests.xctest */,
				D86BCDE82A9B016E00C81BA5 /* InContext HelperUITests.xctest */,
			);
			name = Products;
			sourceTree = "<group>";
		};
		D890630C2A98293A0001A8E2 /* InContext */ = {
			isa = PBXGroup;
			children = (
				D84E77F62AA952E100ED193A /* Model */,
				D84E77F52AA952CE00ED193A /* Commands */,
				D849DDFA2A982E7900C5041E /* Info.plist */,
			);
			path = InContext;
			sourceTree = "<group>";
		};
		D89063142A9829500001A8E2 /* Packages */ = {
			isa = PBXGroup;
			children = (
				D89063152A9829500001A8E2 /* incontext-waialua */,
				D8920F192AB2AB4B00137912 /* diligence */,
			);
			name = Packages;
			sourceTree = "<group>";
		};
/* End PBXGroup section */

/* Begin PBXNativeTarget section */
		D86BCDCD2A9B016A00C81BA5 /* InContext Helper */ = {
			isa = PBXNativeTarget;
			buildConfigurationList = D86BCDF62A9B016E00C81BA5 /* Build configuration list for PBXNativeTarget "InContext Helper" */;
			buildPhases = (
				D86BCDCA2A9B016A00C81BA5 /* Sources */,
				D86BCDCB2A9B016A00C81BA5 /* Frameworks */,
				D86BCDCC2A9B016A00C81BA5 /* Resources */,
			);
			buildRules = (
			);
			dependencies = (
			);
			name = "InContext Helper";
			packageProductDependencies = (
				D8121A7A2AA05FCA00EEDF5B /* InContextCore */,
				D8920F1A2AB2AB8700137912 /* Diligence */,
			);
			productName = "InContext Helper";
			productReference = D86BCDCE2A9B016A00C81BA5 /* InContext Helper.app */;
			productType = "com.apple.product-type.application";
		};
		D86BCDDD2A9B016D00C81BA5 /* InContext HelperTests */ = {
			isa = PBXNativeTarget;
			buildConfigurationList = D86BCDF72A9B016E00C81BA5 /* Build configuration list for PBXNativeTarget "InContext HelperTests" */;
			buildPhases = (
				D86BCDDA2A9B016D00C81BA5 /* Sources */,
				D86BCDDB2A9B016D00C81BA5 /* Frameworks */,
				D86BCDDC2A9B016D00C81BA5 /* Resources */,
			);
			buildRules = (
			);
			dependencies = (
				D86BCDE02A9B016D00C81BA5 /* PBXTargetDependency */,
			);
			name = "InContext HelperTests";
			productName = "InContext HelperTests";
			productReference = D86BCDDE2A9B016D00C81BA5 /* InContext HelperTests.xctest */;
			productType = "com.apple.product-type.bundle.unit-test";
		};
		D86BCDE72A9B016E00C81BA5 /* InContext HelperUITests */ = {
			isa = PBXNativeTarget;
			buildConfigurationList = D86BCDF82A9B016E00C81BA5 /* Build configuration list for PBXNativeTarget "InContext HelperUITests" */;
			buildPhases = (
				D86BCDE42A9B016E00C81BA5 /* Sources */,
				D86BCDE52A9B016E00C81BA5 /* Frameworks */,
				D86BCDE62A9B016E00C81BA5 /* Resources */,
			);
			buildRules = (
			);
			dependencies = (
				D86BCDEA2A9B016E00C81BA5 /* PBXTargetDependency */,
			);
			name = "InContext HelperUITests";
			productName = "InContext HelperUITests";
			productReference = D86BCDE82A9B016E00C81BA5 /* InContext HelperUITests.xctest */;
			productType = "com.apple.product-type.bundle.ui-testing";
		};
		D89063092A98293A0001A8E2 /* incontext */ = {
			isa = PBXNativeTarget;
			buildConfigurationList = D89063112A98293A0001A8E2 /* Build configuration list for PBXNativeTarget "incontext" */;
			buildPhases = (
				D89063062A98293A0001A8E2 /* Sources */,
				D89063072A98293A0001A8E2 /* Frameworks */,
				D89063082A98293A0001A8E2 /* CopyFiles */,
			);
			buildRules = (
			);
			dependencies = (
			);
			name = incontext;
			packageProductDependencies = (
				D849DDEB2A982B0F00C5041E /* InContextCore */,
				D849DDF32A982B9200C5041E /* ArgumentParser */,
				D849DDF62A982BA000C5041E /* Logging */,
			);
			productName = InContext;
			productReference = D890630A2A98293A0001A8E2 /* incontext */;
			productType = "com.apple.product-type.tool";
		};
/* End PBXNativeTarget section */

/* Begin PBXProject section */
		D89063022A9829390001A8E2 /* Project object */ = {
			isa = PBXProject;
			attributes = {
				BuildIndependentTargetsInParallel = 1;
				LastSwiftUpdateCheck = 1430;
				LastUpgradeCheck = 1430;
				TargetAttributes = {
					D86BCDCD2A9B016A00C81BA5 = {
						CreatedOnToolsVersion = 14.3.1;
					};
					D86BCDDD2A9B016D00C81BA5 = {
						CreatedOnToolsVersion = 14.3.1;
						TestTargetID = D86BCDCD2A9B016A00C81BA5;
					};
					D86BCDE72A9B016E00C81BA5 = {
						CreatedOnToolsVersion = 14.3.1;
						TestTargetID = D86BCDCD2A9B016A00C81BA5;
					};
					D89063092A98293A0001A8E2 = {
						CreatedOnToolsVersion = 14.3.1;
					};
				};
			};
			buildConfigurationList = D89063052A9829390001A8E2 /* Build configuration list for PBXProject "InContext" */;
			compatibilityVersion = "Xcode 14.0";
			developmentRegion = en;
			hasScannedForEncodings = 0;
			knownRegions = (
				en,
				Base,
			);
			mainGroup = D89063012A9829390001A8E2;
			packageReferences = (
				D849DDED2A982B7800C5041E /* XCRemoteSwiftPackageReference "hummingbird" */,
				D849DDF22A982B9200C5041E /* XCRemoteSwiftPackageReference "swift-argument-parser" */,
				D849DDF52A982BA000C5041E /* XCRemoteSwiftPackageReference "swift-log" */,
			);
			productRefGroup = D890630B2A98293A0001A8E2 /* Products */;
			projectDirPath = "";
			projectRoot = "";
			targets = (
				D89063092A98293A0001A8E2 /* incontext */,
				D86BCDCD2A9B016A00C81BA5 /* InContext Helper */,
				D86BCDDD2A9B016D00C81BA5 /* InContext HelperTests */,
				D86BCDE72A9B016E00C81BA5 /* InContext HelperUITests */,
			);
		};
/* End PBXProject section */

/* Begin PBXResourcesBuildPhase section */
		D86BCDCC2A9B016A00C81BA5 /* Resources */ = {
			isa = PBXResourcesBuildPhase;
			buildActionMask = 2147483647;
			files = (
				D86BCDD82A9B016D00C81BA5 /* Preview Assets.xcassets in Resources */,
				D8850A1D2B84217200E17977 /* tilt-license in Resources */,
				D86BCDD52A9B016D00C81BA5 /* Assets.xcassets in Resources */,
				D8850A132B841AEE00E17977 /* incontext-license in Resources */,
			);
			runOnlyForDeploymentPostprocessing = 0;
		};
		D86BCDDC2A9B016D00C81BA5 /* Resources */ = {
			isa = PBXResourcesBuildPhase;
			buildActionMask = 2147483647;
			files = (
			);
			runOnlyForDeploymentPostprocessing = 0;
		};
		D86BCDE62A9B016E00C81BA5 /* Resources */ = {
			isa = PBXResourcesBuildPhase;
			buildActionMask = 2147483647;
			files = (
			);
			runOnlyForDeploymentPostprocessing = 0;
		};
/* End PBXResourcesBuildPhase section */

/* Begin PBXSourcesBuildPhase section */
		D86BCDCA2A9B016A00C81BA5 /* Sources */ = {
			isa = PBXSourcesBuildPhase;
			buildActionMask = 2147483647;
			files = (
				D8A739B62AA6611E00946EED /* LogWindow.swift in Sources */,
				D8E592242AB3A840000EE676 /* ActionsMenu.swift in Sources */,
				D8850A1B2B8420B400E17977 /* Scene.swift in Sources */,
				D80E4FD12AA7AD5300FD4BB5 /* HelperTracker.swift in Sources */,
				D8A739BA2AA6627500946EED /* SettingsMenu.swift in Sources */,
				D80E4FCF2AA7AD3300FD4BB5 /* HelperSession.swift in Sources */,
				D8121A7D2AA0747000EEDF5B /* Publisher.swift in Sources */,
				D8121A792AA05F9A00EEDF5B /* SiteModel.swift in Sources */,
				D8AD37AF2AA69FDF0006555F /* Event.swift in Sources */,
				D84E77FD2AA95CA500ED193A /* LogLevel.swift in Sources */,
				D8F6727A2AC898B00073900D /* SessionFooter.swift in Sources */,
				D8F6727C2AC89DF00073900D /* HelperSessionTask.swift in Sources */,
				D8121A732AA05C3D00EEDF5B /* ApplicationModel.swift in Sources */,
				D8121A752AA05D7F00EEDF5B /* SiteList.swift in Sources */,
				D8121A712AA04BDA00EEDF5B /* URL.swift in Sources */,
				D8F672782AC8988D0073900D /* TaskRow.swift in Sources */,
				D8A739B82AA6621E00946EED /* SessionView.swift in Sources */,
				D86BCDFA2A9B030400C81BA5 /* Geocoder.swift in Sources */,
				D8E592262AB3A8C3000EE676 /* FavoritesMenu.swift in Sources */,
				D86BCDFC2A9B032200C81BA5 /* HelperError.swift in Sources */,
				D8850A172B841D6E00E17977 /* MainMenu.swift in Sources */,
				D86BCDD12A9B016A00C81BA5 /* HelperApp.swift in Sources */,
				D8121A6E2AA0465200EEDF5B /* Settings.swift in Sources */,
				D8A739B42AA660F400946EED /* LogView.swift in Sources */,
				D8121A7F2AA105CC00EEDF5B /* SiteMenu.swift in Sources */,
			);
			runOnlyForDeploymentPostprocessing = 0;
		};
		D86BCDDA2A9B016D00C81BA5 /* Sources */ = {
			isa = PBXSourcesBuildPhase;
			buildActionMask = 2147483647;
			files = (
				D86BCDE32A9B016E00C81BA5 /* HelperTests.swift in Sources */,
			);
			runOnlyForDeploymentPostprocessing = 0;
		};
		D86BCDE42A9B016E00C81BA5 /* Sources */ = {
			isa = PBXSourcesBuildPhase;
			buildActionMask = 2147483647;
			files = (
				D86BCDED2A9B016E00C81BA5 /* HelperUITests.swift in Sources */,
				D86BCDEF2A9B016E00C81BA5 /* HelperUITestsLaunchTests.swift in Sources */,
			);
			runOnlyForDeploymentPostprocessing = 0;
		};
		D89063062A98293A0001A8E2 /* Sources */ = {
			isa = PBXSourcesBuildPhase;
			buildActionMask = 2147483647;
			files = (
				D8121A882AA11B6300EEDF5B /* Options.swift in Sources */,
				D84E77F82AA954F800ED193A /* LoggingSession.swift in Sources */,
				D84E77FA2AA9555000ED193A /* LoggingTracker.swift in Sources */,
				D8121A8C2AA11BF200EEDF5B /* Clean.swift in Sources */,
				D8121A8A2AA11BAE00EEDF5B /* Build.swift in Sources */,
				D8864FF32AB277D600DE6548 /* Run.swift in Sources */,
				D8121A872AA11B5F00EEDF5B /* Serve.swift in Sources */,
				D882D9472ACCC7B3001469DA /* LoggingTask.swift in Sources */,
				D849DDF92A982C8D00C5041E /* Command.swift in Sources */,
			);
			runOnlyForDeploymentPostprocessing = 0;
		};
/* End PBXSourcesBuildPhase section */

/* Begin PBXTargetDependency section */
		D86BCDE02A9B016D00C81BA5 /* PBXTargetDependency */ = {
			isa = PBXTargetDependency;
			target = D86BCDCD2A9B016A00C81BA5 /* InContext Helper */;
			targetProxy = D86BCDDF2A9B016D00C81BA5 /* PBXContainerItemProxy */;
		};
		D86BCDEA2A9B016E00C81BA5 /* PBXTargetDependency */ = {
			isa = PBXTargetDependency;
			target = D86BCDCD2A9B016A00C81BA5 /* InContext Helper */;
			targetProxy = D86BCDE92A9B016E00C81BA5 /* PBXContainerItemProxy */;
		};
/* End PBXTargetDependency section */

/* Begin XCBuildConfiguration section */
		D86BCDF02A9B016E00C81BA5 /* Debug */ = {
			isa = XCBuildConfiguration;
			buildSettings = {
				ASSETCATALOG_COMPILER_APPICON_NAME = AppIcon;
				ASSETCATALOG_COMPILER_GLOBAL_ACCENT_COLOR_NAME = AccentColor;
				CODE_SIGN_ENTITLEMENTS = Helper/Helper.entitlements;
				CODE_SIGN_STYLE = Automatic;
				COMBINE_HIDPI_IMAGES = YES;
				CURRENT_PROJECT_VERSION = 1;
				DEVELOPMENT_ASSET_PATHS = "\"Helper/Preview Content\"";
				DEVELOPMENT_TEAM = QS82QFHKWB;
				ENABLE_HARDENED_RUNTIME = YES;
				ENABLE_PREVIEWS = YES;
				GENERATE_INFOPLIST_FILE = YES;
				INFOPLIST_FILE = "InContext-Helper-Info.plist";
				INFOPLIST_KEY_LSUIElement = YES;
				INFOPLIST_KEY_NSHumanReadableCopyright = "";
				LD_RUNPATH_SEARCH_PATHS = (
					"$(inherited)",
					"@executable_path/../Frameworks",
				);
				MACOSX_DEPLOYMENT_TARGET = 14.0;
				MARKETING_VERSION = 1.0;
				PRODUCT_BUNDLE_IDENTIFIER = app.incontext.helper;
				PRODUCT_NAME = "$(TARGET_NAME)";
				SWIFT_EMIT_LOC_STRINGS = YES;
				SWIFT_VERSION = 5.0;
			};
			name = Debug;
		};
		D86BCDF12A9B016E00C81BA5 /* Release */ = {
			isa = XCBuildConfiguration;
			buildSettings = {
				ASSETCATALOG_COMPILER_APPICON_NAME = AppIcon;
				ASSETCATALOG_COMPILER_GLOBAL_ACCENT_COLOR_NAME = AccentColor;
				CODE_SIGN_ENTITLEMENTS = "InContext HelperRelease.entitlements";
				"CODE_SIGN_IDENTITY[sdk=macosx*]" = "Developer ID Application";
				CODE_SIGN_STYLE = Manual;
				COMBINE_HIDPI_IMAGES = YES;
				CURRENT_PROJECT_VERSION = 1;
				DEVELOPMENT_ASSET_PATHS = "\"Helper/Preview Content\"";
				DEVELOPMENT_TEAM = "";
				"DEVELOPMENT_TEAM[sdk=macosx*]" = QS82QFHKWB;
				ENABLE_HARDENED_RUNTIME = YES;
				ENABLE_PREVIEWS = YES;
				GENERATE_INFOPLIST_FILE = YES;
				INFOPLIST_FILE = "InContext-Helper-Info.plist";
				INFOPLIST_KEY_LSUIElement = YES;
				INFOPLIST_KEY_NSHumanReadableCopyright = "";
				LD_RUNPATH_SEARCH_PATHS = (
					"$(inherited)",
					"@executable_path/../Frameworks",
				);
				MACOSX_DEPLOYMENT_TARGET = 14.0;
				MARKETING_VERSION = 1.0;
				PRODUCT_BUNDLE_IDENTIFIER = app.incontext.helper;
				PRODUCT_NAME = "$(TARGET_NAME)";
				PROVISIONING_PROFILE_SPECIFIER = "";
				"PROVISIONING_PROFILE_SPECIFIER[sdk=macosx*]" = "InContext Helper Developer ID Profile";
				SWIFT_EMIT_LOC_STRINGS = YES;
				SWIFT_VERSION = 5.0;
			};
			name = Release;
		};
		D86BCDF22A9B016E00C81BA5 /* Debug */ = {
			isa = XCBuildConfiguration;
			buildSettings = {
				ALWAYS_EMBED_SWIFT_STANDARD_LIBRARIES = YES;
				BUNDLE_LOADER = "$(TEST_HOST)";
				CODE_SIGN_STYLE = Automatic;
				CURRENT_PROJECT_VERSION = 1;
				DEVELOPMENT_TEAM = QS82QFHKWB;
				GENERATE_INFOPLIST_FILE = YES;
				MACOSX_DEPLOYMENT_TARGET = 13.3;
				MARKETING_VERSION = 1.0;
				PRODUCT_BUNDLE_IDENTIFIER = "app.incontext.InContext-HelperTests";
				PRODUCT_NAME = "$(TARGET_NAME)";
				SWIFT_EMIT_LOC_STRINGS = NO;
				SWIFT_VERSION = 5.0;
				TEST_HOST = "$(BUILT_PRODUCTS_DIR)/InContext Helper.app/$(BUNDLE_EXECUTABLE_FOLDER_PATH)/InContext Helper";
			};
			name = Debug;
		};
		D86BCDF32A9B016E00C81BA5 /* Release */ = {
			isa = XCBuildConfiguration;
			buildSettings = {
				ALWAYS_EMBED_SWIFT_STANDARD_LIBRARIES = YES;
				BUNDLE_LOADER = "$(TEST_HOST)";
				CODE_SIGN_STYLE = Automatic;
				CURRENT_PROJECT_VERSION = 1;
				DEVELOPMENT_TEAM = QS82QFHKWB;
				GENERATE_INFOPLIST_FILE = YES;
				MACOSX_DEPLOYMENT_TARGET = 13.3;
				MARKETING_VERSION = 1.0;
				PRODUCT_BUNDLE_IDENTIFIER = "app.incontext.InContext-HelperTests";
				PRODUCT_NAME = "$(TARGET_NAME)";
				SWIFT_EMIT_LOC_STRINGS = NO;
				SWIFT_VERSION = 5.0;
				TEST_HOST = "$(BUILT_PRODUCTS_DIR)/InContext Helper.app/$(BUNDLE_EXECUTABLE_FOLDER_PATH)/InContext Helper";
			};
			name = Release;
		};
		D86BCDF42A9B016E00C81BA5 /* Debug */ = {
			isa = XCBuildConfiguration;
			buildSettings = {
				ALWAYS_EMBED_SWIFT_STANDARD_LIBRARIES = YES;
				CODE_SIGN_STYLE = Automatic;
				CURRENT_PROJECT_VERSION = 1;
				DEVELOPMENT_TEAM = QS82QFHKWB;
				GENERATE_INFOPLIST_FILE = YES;
				MARKETING_VERSION = 1.0;
				PRODUCT_BUNDLE_IDENTIFIER = "app.incontext.InContext-HelperUITests";
				PRODUCT_NAME = "$(TARGET_NAME)";
				SWIFT_EMIT_LOC_STRINGS = NO;
				SWIFT_VERSION = 5.0;
				TEST_TARGET_NAME = "InContext Helper";
			};
			name = Debug;
		};
		D86BCDF52A9B016E00C81BA5 /* Release */ = {
			isa = XCBuildConfiguration;
			buildSettings = {
				ALWAYS_EMBED_SWIFT_STANDARD_LIBRARIES = YES;
				CODE_SIGN_STYLE = Automatic;
				CURRENT_PROJECT_VERSION = 1;
				DEVELOPMENT_TEAM = QS82QFHKWB;
				GENERATE_INFOPLIST_FILE = YES;
				MARKETING_VERSION = 1.0;
				PRODUCT_BUNDLE_IDENTIFIER = "app.incontext.InContext-HelperUITests";
				PRODUCT_NAME = "$(TARGET_NAME)";
				SWIFT_EMIT_LOC_STRINGS = NO;
				SWIFT_VERSION = 5.0;
				TEST_TARGET_NAME = "InContext Helper";
			};
			name = Release;
		};
		D890630F2A98293A0001A8E2 /* Debug */ = {
			isa = XCBuildConfiguration;
			buildSettings = {
				ALWAYS_SEARCH_USER_PATHS = NO;
				CLANG_ANALYZER_NONNULL = YES;
				CLANG_ANALYZER_NUMBER_OBJECT_CONVERSION = YES_AGGRESSIVE;
				CLANG_CXX_LANGUAGE_STANDARD = "gnu++20";
				CLANG_ENABLE_MODULES = YES;
				CLANG_ENABLE_OBJC_ARC = YES;
				CLANG_ENABLE_OBJC_WEAK = YES;
				CLANG_WARN_BLOCK_CAPTURE_AUTORELEASING = YES;
				CLANG_WARN_BOOL_CONVERSION = YES;
				CLANG_WARN_COMMA = YES;
				CLANG_WARN_CONSTANT_CONVERSION = YES;
				CLANG_WARN_DEPRECATED_OBJC_IMPLEMENTATIONS = YES;
				CLANG_WARN_DIRECT_OBJC_ISA_USAGE = YES_ERROR;
				CLANG_WARN_DOCUMENTATION_COMMENTS = YES;
				CLANG_WARN_EMPTY_BODY = YES;
				CLANG_WARN_ENUM_CONVERSION = YES;
				CLANG_WARN_INFINITE_RECURSION = YES;
				CLANG_WARN_INT_CONVERSION = YES;
				CLANG_WARN_NON_LITERAL_NULL_CONVERSION = YES;
				CLANG_WARN_OBJC_IMPLICIT_RETAIN_SELF = YES;
				CLANG_WARN_OBJC_LITERAL_CONVERSION = YES;
				CLANG_WARN_OBJC_ROOT_CLASS = YES_ERROR;
				CLANG_WARN_QUOTED_INCLUDE_IN_FRAMEWORK_HEADER = YES;
				CLANG_WARN_RANGE_LOOP_ANALYSIS = YES;
				CLANG_WARN_STRICT_PROTOTYPES = YES;
				CLANG_WARN_SUSPICIOUS_MOVE = YES;
				CLANG_WARN_UNGUARDED_AVAILABILITY = YES_AGGRESSIVE;
				CLANG_WARN_UNREACHABLE_CODE = YES;
				CLANG_WARN__DUPLICATE_METHOD_MATCH = YES;
				COPY_PHASE_STRIP = NO;
				DEBUG_INFORMATION_FORMAT = dwarf;
				ENABLE_STRICT_OBJC_MSGSEND = YES;
				ENABLE_TESTABILITY = YES;
				GCC_C_LANGUAGE_STANDARD = gnu11;
				GCC_DYNAMIC_NO_PIC = NO;
				GCC_NO_COMMON_BLOCKS = YES;
				GCC_OPTIMIZATION_LEVEL = 0;
				GCC_PREPROCESSOR_DEFINITIONS = (
					"DEBUG=1",
					"$(inherited)",
				);
				GCC_WARN_64_TO_32_BIT_CONVERSION = YES;
				GCC_WARN_ABOUT_RETURN_TYPE = YES_ERROR;
				GCC_WARN_UNDECLARED_SELECTOR = YES;
				GCC_WARN_UNINITIALIZED_AUTOS = YES_AGGRESSIVE;
				GCC_WARN_UNUSED_FUNCTION = YES;
				GCC_WARN_UNUSED_VARIABLE = YES;
				MACOSX_DEPLOYMENT_TARGET = 13.3;
				MTL_ENABLE_DEBUG_INFO = INCLUDE_SOURCE;
				MTL_FAST_MATH = YES;
				ONLY_ACTIVE_ARCH = YES;
				SDKROOT = macosx;
				SWIFT_ACTIVE_COMPILATION_CONDITIONS = DEBUG;
				SWIFT_OPTIMIZATION_LEVEL = "-Onone";
			};
			name = Debug;
		};
		D89063102A98293A0001A8E2 /* Release */ = {
			isa = XCBuildConfiguration;
			buildSettings = {
				ALWAYS_SEARCH_USER_PATHS = NO;
				CLANG_ANALYZER_NONNULL = YES;
				CLANG_ANALYZER_NUMBER_OBJECT_CONVERSION = YES_AGGRESSIVE;
				CLANG_CXX_LANGUAGE_STANDARD = "gnu++20";
				CLANG_ENABLE_MODULES = YES;
				CLANG_ENABLE_OBJC_ARC = YES;
				CLANG_ENABLE_OBJC_WEAK = YES;
				CLANG_WARN_BLOCK_CAPTURE_AUTORELEASING = YES;
				CLANG_WARN_BOOL_CONVERSION = YES;
				CLANG_WARN_COMMA = YES;
				CLANG_WARN_CONSTANT_CONVERSION = YES;
				CLANG_WARN_DEPRECATED_OBJC_IMPLEMENTATIONS = YES;
				CLANG_WARN_DIRECT_OBJC_ISA_USAGE = YES_ERROR;
				CLANG_WARN_DOCUMENTATION_COMMENTS = YES;
				CLANG_WARN_EMPTY_BODY = YES;
				CLANG_WARN_ENUM_CONVERSION = YES;
				CLANG_WARN_INFINITE_RECURSION = YES;
				CLANG_WARN_INT_CONVERSION = YES;
				CLANG_WARN_NON_LITERAL_NULL_CONVERSION = YES;
				CLANG_WARN_OBJC_IMPLICIT_RETAIN_SELF = YES;
				CLANG_WARN_OBJC_LITERAL_CONVERSION = YES;
				CLANG_WARN_OBJC_ROOT_CLASS = YES_ERROR;
				CLANG_WARN_QUOTED_INCLUDE_IN_FRAMEWORK_HEADER = YES;
				CLANG_WARN_RANGE_LOOP_ANALYSIS = YES;
				CLANG_WARN_STRICT_PROTOTYPES = YES;
				CLANG_WARN_SUSPICIOUS_MOVE = YES;
				CLANG_WARN_UNGUARDED_AVAILABILITY = YES_AGGRESSIVE;
				CLANG_WARN_UNREACHABLE_CODE = YES;
				CLANG_WARN__DUPLICATE_METHOD_MATCH = YES;
				COPY_PHASE_STRIP = NO;
				DEBUG_INFORMATION_FORMAT = "dwarf-with-dsym";
				ENABLE_NS_ASSERTIONS = NO;
				ENABLE_STRICT_OBJC_MSGSEND = YES;
				GCC_C_LANGUAGE_STANDARD = gnu11;
				GCC_NO_COMMON_BLOCKS = YES;
				GCC_WARN_64_TO_32_BIT_CONVERSION = YES;
				GCC_WARN_ABOUT_RETURN_TYPE = YES_ERROR;
				GCC_WARN_UNDECLARED_SELECTOR = YES;
				GCC_WARN_UNINITIALIZED_AUTOS = YES_AGGRESSIVE;
				GCC_WARN_UNUSED_FUNCTION = YES;
				GCC_WARN_UNUSED_VARIABLE = YES;
				MACOSX_DEPLOYMENT_TARGET = 13.3;
				MTL_ENABLE_DEBUG_INFO = NO;
				MTL_FAST_MATH = YES;
				SDKROOT = macosx;
				SWIFT_COMPILATION_MODE = wholemodule;
				SWIFT_OPTIMIZATION_LEVEL = "-O";
			};
			name = Release;
		};
		D89063122A98293A0001A8E2 /* Debug */ = {
			isa = XCBuildConfiguration;
			buildSettings = {
				CODE_SIGN_STYLE = Automatic;
				CREATE_INFOPLIST_SECTION_IN_BINARY = YES;
				CURRENT_PROJECT_VERSION = 00000000;
				DEVELOPMENT_TEAM = QS82QFHKWB;
				ENABLE_HARDENED_RUNTIME = YES;
				INFOPLIST_FILE = "$(SRCROOT)/InContext/Info.plist";
				MARKETING_VERSION = 0.0.0;
				PRODUCT_BUNDLE_IDENTIFIER = app.incontext.cli;
				PRODUCT_NAME = "$(TARGET_NAME)";
				SWIFT_VERSION = 5.0;
			};
			name = Debug;
		};
		D89063132A98293A0001A8E2 /* Release */ = {
			isa = XCBuildConfiguration;
			buildSettings = {
				"CODE_SIGN_IDENTITY[sdk=macosx*]" = "Developer ID Application";
				CODE_SIGN_STYLE = Manual;
				CREATE_INFOPLIST_SECTION_IN_BINARY = YES;
				CURRENT_PROJECT_VERSION = 00000000;
				DEVELOPMENT_TEAM = "";
				"DEVELOPMENT_TEAM[sdk=macosx*]" = QS82QFHKWB;
				ENABLE_HARDENED_RUNTIME = YES;
				INFOPLIST_FILE = "$(SRCROOT)/InContext/Info.plist";
				MARKETING_VERSION = 0.0.0;
				PRODUCT_BUNDLE_IDENTIFIER = app.incontext.cli;
				PRODUCT_NAME = "$(TARGET_NAME)";
				PROVISIONING_PROFILE_SPECIFIER = "";
				SWIFT_VERSION = 5.0;
			};
			name = Release;
		};
/* End XCBuildConfiguration section */

/* Begin XCConfigurationList section */
		D86BCDF62A9B016E00C81BA5 /* Build configuration list for PBXNativeTarget "InContext Helper" */ = {
			isa = XCConfigurationList;
			buildConfigurations = (
				D86BCDF02A9B016E00C81BA5 /* Debug */,
				D86BCDF12A9B016E00C81BA5 /* Release */,
			);
			defaultConfigurationIsVisible = 0;
			defaultConfigurationName = Release;
		};
		D86BCDF72A9B016E00C81BA5 /* Build configuration list for PBXNativeTarget "InContext HelperTests" */ = {
			isa = XCConfigurationList;
			buildConfigurations = (
				D86BCDF22A9B016E00C81BA5 /* Debug */,
				D86BCDF32A9B016E00C81BA5 /* Release */,
			);
			defaultConfigurationIsVisible = 0;
			defaultConfigurationName = Release;
		};
		D86BCDF82A9B016E00C81BA5 /* Build configuration list for PBXNativeTarget "InContext HelperUITests" */ = {
			isa = XCConfigurationList;
			buildConfigurations = (
				D86BCDF42A9B016E00C81BA5 /* Debug */,
				D86BCDF52A9B016E00C81BA5 /* Release */,
			);
			defaultConfigurationIsVisible = 0;
			defaultConfigurationName = Release;
		};
		D89063052A9829390001A8E2 /* Build configuration list for PBXProject "InContext" */ = {
			isa = XCConfigurationList;
			buildConfigurations = (
				D890630F2A98293A0001A8E2 /* Debug */,
				D89063102A98293A0001A8E2 /* Release */,
			);
			defaultConfigurationIsVisible = 0;
			defaultConfigurationName = Release;
		};
		D89063112A98293A0001A8E2 /* Build configuration list for PBXNativeTarget "incontext" */ = {
			isa = XCConfigurationList;
			buildConfigurations = (
				D89063122A98293A0001A8E2 /* Debug */,
				D89063132A98293A0001A8E2 /* Release */,
			);
			defaultConfigurationIsVisible = 0;
			defaultConfigurationName = Release;
		};
/* End XCConfigurationList section */

/* Begin XCRemoteSwiftPackageReference section */
		D849DDED2A982B7800C5041E /* XCRemoteSwiftPackageReference "hummingbird" */ = {
			isa = XCRemoteSwiftPackageReference;
			repositoryURL = "https://github.com/hummingbird-project/hummingbird.git";
			requirement = {
				kind = upToNextMajorVersion;
				minimumVersion = 1.0.0;
			};
		};
		D849DDF22A982B9200C5041E /* XCRemoteSwiftPackageReference "swift-argument-parser" */ = {
			isa = XCRemoteSwiftPackageReference;
			repositoryURL = "https://github.com/apple/swift-argument-parser.git";
			requirement = {
				kind = upToNextMajorVersion;
				minimumVersion = 1.0.0;
			};
		};
		D849DDF52A982BA000C5041E /* XCRemoteSwiftPackageReference "swift-log" */ = {
			isa = XCRemoteSwiftPackageReference;
			repositoryURL = "https://github.com/apple/swift-log.git";
			requirement = {
				kind = upToNextMajorVersion;
				minimumVersion = 1.0.0;
			};
		};
/* End XCRemoteSwiftPackageReference section */

/* Begin XCSwiftPackageProductDependency section */
		D8121A7A2AA05FCA00EEDF5B /* InContextCore */ = {
			isa = XCSwiftPackageProductDependency;
			productName = InContextCore;
		};
		D849DDEB2A982B0F00C5041E /* InContextCore */ = {
			isa = XCSwiftPackageProductDependency;
			productName = InContextCore;
		};
		D849DDF32A982B9200C5041E /* ArgumentParser */ = {
			isa = XCSwiftPackageProductDependency;
			package = D849DDF22A982B9200C5041E /* XCRemoteSwiftPackageReference "swift-argument-parser" */;
			productName = ArgumentParser;
		};
		D849DDF62A982BA000C5041E /* Logging */ = {
			isa = XCSwiftPackageProductDependency;
			package = D849DDF52A982BA000C5041E /* XCRemoteSwiftPackageReference "swift-log" */;
			productName = Logging;
		};
		D8920F1A2AB2AB8700137912 /* Diligence */ = {
			isa = XCSwiftPackageProductDependency;
			productName = Diligence;
		};
/* End XCSwiftPackageProductDependency section */
	};
	rootObject = D89063022A9829390001A8E2 /* Project object */;
}
